
Microsoft Visual Studio Solution File, Format Version 12.00
# Visual Studio Version 16
VisualStudioVersion = 16.0.30711.63
MinimumVisualStudioVersion = 10.0.40219.1
Project("{FAE04EC0-301F-11D3-BF4B-00C04F79EFBC}") = "ClassMetotDemo", "ClassMetotDemo\ClassMetotDemo.csproj", "{0D8B4E1D-D21B-4433-8978-6D70BE2410F0}"
EndProject
Global
	GlobalSection(SolutionConfigurationPlatforms) = preSolution
		Debug|Any CPU = Debug|Any CPU
		Release|Any CPU = Release|Any CPU
	EndGlobalSection
	GlobalSection(ProjectConfigurationPlatforms) = postSolution
		{0D8B4E1D-D21B-4433-8978-6D70BE2410F0}.Debug|Any CPU.ActiveCfg = Debug|Any CPU
		{0D8B4E1D-D21B-4433-8978-6D70BE2410F0}.Debug|Any CPU.Build.0 = Debug|Any CPU
		{0D8B4E1D-D21B-4433-8978-6D70BE2410F0}.Release|Any CPU.ActiveCfg = Release|Any CPU
		{0D8B4E1D-D21B-4433-8978-6D70BE2410F0}.Release|Any CPU.Build.0 = Release|Any CPU
	EndGlobalSection
	GlobalSection(SolutionProperties) = preSolution
		HideSolutionNode = FALSE
	EndGlobalSection
	GlobalSection(ExtensibilityGlobals) = postSolution
		SolutionGuid = {DEF8F3C6-496E-47D4-99E2-FD15E2D17E8C}
	EndGlobalSection
EndGlobal
